
Microsoft Visual Studio Solution File, Format Version 12.00
# Visual Studio Version 17
VisualStudioVersion = 17.4.33122.133
MinimumVisualStudioVersion = 10.0.40219.1
Project("{FAE04EC0-301F-11D3-BF4B-00C04F79EFBC}") = "Tomoiahg_Cristian Dacian_Lab1", "Tomoiahg_Cristian Dacian_Lab1\Tomoiahg_Cristian Dacian_Lab1.csproj", "{70E63E4D-30CC-41E6-8F7B-1D52944304AE}"
EndProject
Global
	GlobalSection(SolutionConfigurationPlatforms) = preSolution
		Debug|Any CPU = Debug|Any CPU
		Release|Any CPU = Release|Any CPU
	EndGlobalSection
	GlobalSection(ProjectConfigurationPlatforms) = postSolution
		{70E63E4D-30CC-41E6-8F7B-1D52944304AE}.Debug|Any CPU.ActiveCfg = Debug|Any CPU
		{70E63E4D-30CC-41E6-8F7B-1D52944304AE}.Debug|Any CPU.Build.0 = Debug|Any CPU
		{70E63E4D-30CC-41E6-8F7B-1D52944304AE}.Release|Any CPU.ActiveCfg = Release|Any CPU
		{70E63E4D-30CC-41E6-8F7B-1D52944304AE}.Release|Any CPU.Build.0 = Release|Any CPU
	EndGlobalSection
	GlobalSection(SolutionProperties) = preSolution
		HideSolutionNode = FALSE
	EndGlobalSection
	GlobalSection(ExtensibilityGlobals) = postSolution
		SolutionGuid = {55D5B283-79BC-46B9-AF65-B3002B8EF98A}
	EndGlobalSection
EndGlobal
